
Microsoft Visual Studio Solution File, Format Version 12.00
# Visual Studio Version 16
VisualStudioVersion = 16.0.30320.27
MinimumVisualStudioVersion = 10.0.40219.1
Project("{FAE04EC0-301F-11D3-BF4B-00C04F79EFBC}") = "AV Soft", "AV Soft.csproj", "{E5207532-E405-4473-9AE9-8CCB9B7C0BF2}"
EndProject
Global
	GlobalSection(SolutionConfigurationPlatforms) = preSolution
		Debug|Any CPU = Debug|Any CPU
		Release|Any CPU = Release|Any CPU
	EndGlobalSection
	GlobalSection(ProjectConfigurationPlatforms) = postSolution
		{E5207532-E405-4473-9AE9-8CCB9B7C0BF2}.Debug|Any CPU.ActiveCfg = Debug|Any CPU
		{E5207532-E405-4473-9AE9-8CCB9B7C0BF2}.Debug|Any CPU.Build.0 = Debug|Any CPU
		{E5207532-E405-4473-9AE9-8CCB9B7C0BF2}.Release|Any CPU.ActiveCfg = Release|Any CPU
		{E5207532-E405-4473-9AE9-8CCB9B7C0BF2}.Release|Any CPU.Build.0 = Release|Any CPU
	EndGlobalSection
	GlobalSection(SolutionProperties) = preSolution
		HideSolutionNode = FALSE
	EndGlobalSection
	GlobalSection(ExtensibilityGlobals) = postSolution
		SolutionGuid = {0CA15FC4-C2FA-43D9-AB51-B99EE08AD976}
	EndGlobalSection
EndGlobal
